PODS:
  - WCDB (1.0.6):
    - WCDB/sqlcipher (= 1.0.6)
  - WCDB/sqlcipher (1.0.6)

DEPENDENCIES:
  - WCDB

SPEC REPOS:
  https://github.com/cocoapods/specs.git:
    - WCDB

SPEC CHECKSUMS:
  WCDB: 4d2926bf695b2e00d785b50afd32c2dcc8cbbd98

PODFILE CHECKSUM: 61bac24e4f9e723caec0abda7a97ed4f73985d47

COCOAPODS: 1.5.2
